
Microsoft Visual Studio Solution File, Format Version 12.00
# Visual Studio Version 17
VisualStudioVersion = 17.7.34031.279
MinimumVisualStudioVersion = 10.0.40219.1
Project("{9A19103F-16F7-4668-BE54-9A1E7A4F7556}") = "2048Tetris", "11127003\2048Tetris.csproj", "{A017D463-D04F-4889-ACFE-4BA25D7B313E}"
EndProject
Global
	GlobalSection(SolutionConfigurationPlatforms) = preSolution
		Debug|Any CPU = Debug|Any CPU
		Release|Any CPU = Release|Any CPU
	EndGlobalSection
	GlobalSection(ProjectConfigurationPlatforms) = postSolution
		{A017D463-D04F-4889-ACFE-4BA25D7B313E}.Debug|Any CPU.ActiveCfg = Debug|Any CPU
		{A017D463-D04F-4889-ACFE-4BA25D7B313E}.Debug|Any CPU.Build.0 = Debug|Any CPU
		{A017D463-D04F-4889-ACFE-4BA25D7B313E}.Release|Any CPU.ActiveCfg = Release|Any CPU
		{A017D463-D04F-4889-ACFE-4BA25D7B313E}.Release|Any CPU.Build.0 = Release|Any CPU
	EndGlobalSection
	GlobalSection(SolutionProperties) = preSolution
		HideSolutionNode = FALSE
	EndGlobalSection
	GlobalSection(ExtensibilityGlobals) = postSolution
		SolutionGuid = {A189F944-A12B-44EF-A72E-DB5D8A2D31B5}
	EndGlobalSection
EndGlobal
